// !$*UTF8*$!
{
	archiveVersion = 1;
	classes = {
	};
	objectVersion = 50;
	objects = {

/* Begin PBXBuildFile section */
		52333FA526A4715B00B5EC15 /* Tests_iOS.swift in Sources */ = {isa = PBXBuildFile; fileRef = 52333FA426A4715B00B5EC15 /* Tests_iOS.swift */; };
		52333FB026A4715B00B5EC15 /* Tests_macOS.swift in Sources */ = {isa = PBXBuildFile; fileRef = 52333FAF26A4715B00B5EC15 /* Tests_macOS.swift */; };
		52333FB226A4715B00B5EC15 /* webPaa1414App.swift in Sources */ = {isa = PBXBuildFile; fileRef = 52333F8926A4715800B5EC15 /* webPaa1414App.swift */; };
		52333FB326A4715B00B5EC15 /* webPaa1414App.swift in Sources */ = {isa = PBXBuildFile; fileRef = 52333F8926A4715800B5EC15 /* webPaa1414App.swift */; };
		52333FB426A4715B00B5EC15 /* ContentView.swift in Sources */ = {isa = PBXBuildFile; fileRef = 52333F8A26A4715800B5EC15 /* ContentView.swift */; };
		52333FB526A4715B00B5EC15 /* ContentView.swift in Sources */ = {isa = PBXBuildFile; fileRef = 52333F8A26A4715800B5EC15 /* ContentView.swift */; };
		52333FB626A4715B00B5EC15 /* Assets.xcassets in Resources */ = {isa = PBXBuildFile; fileRef = 52333F8B26A4715B00B5EC15 /* Assets.xcassets */; };
		52333FB726A4715B00B5EC15 /* Assets.xcassets in Resources */ = {isa = PBXBuildFile; fileRef = 52333F8B26A4715B00B5EC15 /* Assets.xcassets */; };
		52333FD626A499BB00B5EC15 /* Models.swift in Sources */ = {isa = PBXBuildFile; fileRef = 52333FD526A499BB00B5EC15 /* Models.swift */; };
		52333FD726A499BB00B5EC15 /* Models.swift in Sources */ = {isa = PBXBuildFile; fileRef = 52333FD526A499BB00B5EC15 /* Models.swift */; };
		52333FDD26A49A9100B5EC15 /* ViewModel.swift in Sources */ = {isa = PBXBuildFile; fileRef = 52333FDC26A49A9100B5EC15 /* ViewModel.swift */; };
		52333FDE26A49A9100B5EC15 /* ViewModel.swift in Sources */ = {isa = PBXBuildFile; fileRef = 52333FDC26A49A9100B5EC15 /* ViewModel.swift */; };
		52E82DD526D2FDCB00E66E69 /* ImageCacheService.swift in Sources */ = {isa = PBXBuildFile; fileRef = 52E82DD426D2FDCB00E66E69 /* ImageCacheService.swift */; };
		52E82DD626D2FDCB00E66E69 /* ImageCacheService.swift in Sources */ = {isa = PBXBuildFile; fileRef = 52E82DD426D2FDCB00E66E69 /* ImageCacheService.swift */; };
		52E82DDC26D3068D00E66E69 /* ImageViewModel.swift in Sources */ = {isa = PBXBuildFile; fileRef = 52E82DDB26D3068D00E66E69 /* ImageViewModel.swift */; };
		52E82DDD26D3068D00E66E69 /* ImageViewModel.swift in Sources */ = {isa = PBXBuildFile; fileRef = 52E82DDB26D3068D00E66E69 /* ImageViewModel.swift */; };
/* End PBXBuildFile section */

/* Begin PBXContainerItemProxy section */
		52333FA126A4715B00B5EC15 /* PBXContainerItemProxy */ = {
			isa = PBXContainerItemProxy;
			containerPortal = 52333F8426A4715800B5EC15 /* Project object */;
			proxyType = 1;
			remoteGlobalIDString = 52333F8F26A4715B00B5EC15;
			remoteInfo = "webPaa1414 (iOS)";
		};
		52333FAC26A4715B00B5EC15 /* PBXContainerItemProxy */ = {
			isa = PBXContainerItemProxy;
			containerPortal = 52333F8426A4715800B5EC15 /* Project object */;
			proxyType = 1;
			remoteGlobalIDString = 52333F9726A4715B00B5EC15;
			remoteInfo = "webPaa1414 (macOS)";
		};
/* End PBXContainerItemProxy section */

/* Begin PBXFileReference section */
		52333F8926A4715800B5EC15 /* webPaa1414App.swift */ = {isa = PBXFileReference; lastKnownFileType = sourcecode.swift; path = webPaa1414App.swift; sourceTree = "<group>"; };
		52333F8A26A4715800B5EC15 /* ContentView.swift */ = {isa = PBXFileReference; lastKnownFileType = sourcecode.swift; path = ContentView.swift; sourceTree = "<group>"; };
		52333F8B26A4715B00B5EC15 /* Assets.xcassets */ = {isa = PBXFileReference; lastKnownFileType = folder.assetcatalog; path = Assets.xcassets; sourceTree = "<group>"; };
		52333F9026A4715B00B5EC15 /* webPaa1414.app */ = {isa = PBXFileReference; explicitFileType = wrapper.application; includeInIndex = 0; path = webPaa1414.app; sourceTree = BUILT_PRODUCTS_DIR; };
		52333F9326A4715B00B5EC15 /* Info.plist */ = {isa = PBXFileReference; lastKnownFileType = text.plist.xml; path = Info.plist; sourceTree = "<group>"; };
		52333F9826A4715B00B5EC15 /* webPaa1414.app */ = {isa = PBXFileReference; explicitFileType = wrapper.application; includeInIndex = 0; path = webPaa1414.app; sourceTree = BUILT_PRODUCTS_DIR; };
		52333F9A26A4715B00B5EC15 /* Info.plist */ = {isa = PBXFileReference; lastKnownFileType = text.plist.xml; path = Info.plist; sourceTree = "<group>"; };
		52333F9B26A4715B00B5EC15 /* macOS.entitlements */ = {isa = PBXFileReference; lastKnownFileType = text.plist.entitlements; path = macOS.entitlements; sourceTree = "<group>"; };
		52333FA026A4715B00B5EC15 /* Tests iOS.xctest */ = {isa = PBXFileReference; explicitFileType = wrapper.cfbundle; includeInIndex = 0; path = "Tests iOS.xctest"; sourceTree = BUILT_PRODUCTS_DIR; };
		52333FA426A4715B00B5EC15 /* Tests_iOS.swift */ = {isa = PBXFileReference; lastKnownFileType = sourcecode.swift; path = Tests_iOS.swift; sourceTree = "<group>"; };
		52333FA626A4715B00B5EC15 /* Info.plist */ = {isa = PBXFileReference; lastKnownFileType = text.plist.xml; path = Info.plist; sourceTree = "<group>"; };
		52333FAB26A4715B00B5EC15 /* Tests macOS.xctest */ = {isa = PBXFileReference; explicitFileType = wrapper.cfbundle; includeInIndex = 0; path = "Tests macOS.xctest"; sourceTree = BUILT_PRODUCTS_DIR; };
		52333FAF26A4715B00B5EC15 /* Tests_macOS.swift */ = {isa = PBXFileReference; lastKnownFileType = sourcecode.swift; path = Tests_macOS.swift; sourceTree = "<group>"; };
		52333FB126A4715B00B5EC15 /* Info.plist */ = {isa = PBXFileReference; lastKnownFileType = text.plist.xml; path = Info.plist; sourceTree = "<group>"; };
		52333FD526A499BB00B5EC15 /* Models.swift */ = {isa = PBXFileReference; lastKnownFileType = sourcecode.swift; path = Models.swift; sourceTree = "<group>"; };
		52333FDC26A49A9100B5EC15 /* ViewModel.swift */ = {isa = PBXFileReference; lastKnownFileType = sourcecode.swift; path = ViewModel.swift; sourceTree = "<group>"; };
		52E82DD426D2FDCB00E66E69 /* ImageCacheService.swift */ = {isa = PBXFileReference; lastKnownFileType = sourcecode.swift; path = ImageCacheService.swift; sourceTree = "<group>"; };
		52E82DDB26D3068D00E66E69 /* ImageViewModel.swift */ = {isa = PBXFileReference; lastKnownFileType = sourcecode.swift; path = ImageViewModel.swift; sourceTree = "<group>"; };
/* End PBXFileReference section */

/* Begin PBXFrameworksBuildPhase section */
		52333F8D26A4715B00B5EC15 /* Frameworks */ = {
			isa = PBXFrameworksBuildPhase;
			buildActionMask = 2147483647;
			files = (
			);
			runOnlyForDeploymentPostprocessing = 0;
		};
		52333F9526A4715B00B5EC15 /* Frameworks */ = {
			isa = PBXFrameworksBuildPhase;
			buildActionMask = 2147483647;
			files = (
			);
			runOnlyForDeploymentPostprocessing = 0;
		};
		52333F9D26A4715B00B5EC15 /* Frameworks */ = {
			isa = PBXFrameworksBuildPhase;
			buildActionMask = 2147483647;
			files = (
			);
			runOnlyForDeploymentPostprocessing = 0;
		};
		52333FA826A4715B00B5EC15 /* Frameworks */ = {
			isa = PBXFrameworksBuildPhase;
			buildActionMask = 2147483647;
			files = (
			);
			runOnlyForDeploymentPostprocessing = 0;
		};
/* End PBXFrameworksBuildPhase section */

/* Begin PBXGroup section */
		52333F8326A4715800B5EC15 = {
			isa = PBXGroup;
			children = (
				52333F8826A4715800B5EC15 /* Shared */,
				52333F9226A4715B00B5EC15 /* iOS */,
				52333F9926A4715B00B5EC15 /* macOS */,
				52333FA326A4715B00B5EC15 /* Tests iOS */,
				52333FAE26A4715B00B5EC15 /* Tests macOS */,
				52333F9126A4715B00B5EC15 /* Products */,
			);
			sourceTree = "<group>";
		};
		52333F8826A4715800B5EC15 /* Shared */ = {
			isa = PBXGroup;
			children = (
				52333F8926A4715800B5EC15 /* webPaa1414App.swift */,
				52333F8A26A4715800B5EC15 /* ContentView.swift */,
				52333F8B26A4715B00B5EC15 /* Assets.xcassets */,
				52333FD526A499BB00B5EC15 /* Models.swift */,
				52333FDC26A49A9100B5EC15 /* ViewModel.swift */,
				52E82DD426D2FDCB00E66E69 /* ImageCacheService.swift */,
				52E82DDB26D3068D00E66E69 /* ImageViewModel.swift */,
			);
			path = Shared;
			sourceTree = "<group>";
		};
		52333F9126A4715B00B5EC15 /* Products */ = {
			isa = PBXGroup;
			children = (
				52333F9026A4715B00B5EC15 /* webPaa1414.app */,
				52333F9826A4715B00B5EC15 /* webPaa1414.app */,
				52333FA026A4715B00B5EC15 /* Tests iOS.xctest */,
				52333FAB26A4715B00B5EC15 /* Tests macOS.xctest */,
			);
			name = Products;
			sourceTree = "<group>";
		};
		52333F9226A4715B00B5EC15 /* iOS */ = {
			isa = PBXGroup;
			children = (
				52333F9326A4715B00B5EC15 /* Info.plist */,
			);
			path = iOS;
			sourceTree = "<group>";
		};
		52333F9926A4715B00B5EC15 /* macOS */ = {
			isa = PBXGroup;
			children = (
				52333F9A26A4715B00B5EC15 /* Info.plist */,
				52333F9B26A4715B00B5EC15 /* macOS.entitlements */,
			);
			path = macOS;
			sourceTree = "<group>";
		};
		52333FA326A4715B00B5EC15 /* Tests iOS */ = {
			isa = PBXGroup;
			children = (
				52333FA426A4715B00B5EC15 /* Tests_iOS.swift */,
				52333FA626A4715B00B5EC15 /* Info.plist */,
			);
			path = "Tests iOS";
			sourceTree = "<group>";
		};
		52333FAE26A4715B00B5EC15 /* Tests macOS */ = {
			isa = PBXGroup;
			children = (
				52333FAF26A4715B00B5EC15 /* Tests_macOS.swift */,
				52333FB126A4715B00B5EC15 /* Info.plist */,
			);
			path = "Tests macOS";
			sourceTree = "<group>";
		};
/* End PBXGroup section */

/* Begin PBXNativeTarget section */
		52333F8F26A4715B00B5EC15 /* webPaa1414 (iOS) */ = {
			isa = PBXNativeTarget;
			buildConfigurationList = 52333FBA26A4715B00B5EC15 /* Build configuration list for PBXNativeTarget "webPaa1414 (iOS)" */;
			buildPhases = (
				52333F8C26A4715B00B5EC15 /* Sources */,
				52333F8D26A4715B00B5EC15 /* Frameworks */,
				52333F8E26A4715B00B5EC15 /* Resources */,
			);
			buildRules = (
			);
			dependencies = (
			);
			name = "webPaa1414 (iOS)";
			productName = "webPaa1414 (iOS)";
			productReference = 52333F9026A4715B00B5EC15 /* webPaa1414.app */;
			productType = "com.apple.product-type.application";
		};
		52333F9726A4715B00B5EC15 /* webPaa1414 (macOS) */ = {
			isa = PBXNativeTarget;
			buildConfigurationList = 52333FBD26A4715B00B5EC15 /* Build configuration list for PBXNativeTarget "webPaa1414 (macOS)" */;
			buildPhases = (
				52333F9426A4715B00B5EC15 /* Sources */,
				52333F9526A4715B00B5EC15 /* Frameworks */,
				52333F9626A4715B00B5EC15 /* Resources */,
			);
			buildRules = (
			);
			dependencies = (
			);
			name = "webPaa1414 (macOS)";
			productName = "webPaa1414 (macOS)";
			productReference = 52333F9826A4715B00B5EC15 /* webPaa1414.app */;
			productType = "com.apple.product-type.application";
		};
		52333F9F26A4715B00B5EC15 /* Tests iOS */ = {
			isa = PBXNativeTarget;
			buildConfigurationList = 52333FC026A4715B00B5EC15 /* Build configuration list for PBXNativeTarget "Tests iOS" */;
			buildPhases = (
				52333F9C26A4715B00B5EC15 /* Sources */,
				52333F9D26A4715B00B5EC15 /* Frameworks */,
				52333F9E26A4715B00B5EC15 /* Resources */,
			);
			buildRules = (
			);
			dependencies = (
				52333FA226A4715B00B5EC15 /* PBXTargetDependency */,
			);
			name = "Tests iOS";
			productName = "Tests iOS";
			productReference = 52333FA026A4715B00B5EC15 /* Tests iOS.xctest */;
			productType = "com.apple.product-type.bundle.ui-testing";
		};
		52333FAA26A4715B00B5EC15 /* Tests macOS */ = {
			isa = PBXNativeTarget;
			buildConfigurationList = 52333FC326A4715B00B5EC15 /* Build configuration list for PBXNativeTarget "Tests macOS" */;
			buildPhases = (
				52333FA726A4715B00B5EC15 /* Sources */,
				52333FA826A4715B00B5EC15 /* Frameworks */,
				52333FA926A4715B00B5EC15 /* Resources */,
			);
			buildRules = (
			);
			dependencies = (
				52333FAD26A4715B00B5EC15 /* PBXTargetDependency */,
			);
			name = "Tests macOS";
			productName = "Tests macOS";
			productReference = 52333FAB26A4715B00B5EC15 /* Tests macOS.xctest */;
			productType = "com.apple.product-type.bundle.ui-testing";
		};
/* End PBXNativeTarget section */

/* Begin PBXProject section */
		52333F8426A4715800B5EC15 /* Project object */ = {
			isa = PBXProject;
			attributes = {
				LastSwiftUpdateCheck = 1240;
				LastUpgradeCheck = 1240;
				TargetAttributes = {
					52333F8F26A4715B00B5EC15 = {
						CreatedOnToolsVersion = 12.4;
					};
					52333F9726A4715B00B5EC15 = {
						CreatedOnToolsVersion = 12.4;
					};
					52333F9F26A4715B00B5EC15 = {
						CreatedOnToolsVersion = 12.4;
						TestTargetID = 52333F8F26A4715B00B5EC15;
					};
					52333FAA26A4715B00B5EC15 = {
						CreatedOnToolsVersion = 12.4;
						TestTargetID = 52333F9726A4715B00B5EC15;
					};
				};
			};
			buildConfigurationList = 52333F8726A4715800B5EC15 /* Build configuration list for PBXProject "webPaa1414" */;
			compatibilityVersion = "Xcode 9.3";
			developmentRegion = en;
			hasScannedForEncodings = 0;
			knownRegions = (
				en,
				Base,
			);
			mainGroup = 52333F8326A4715800B5EC15;
			productRefGroup = 52333F9126A4715B00B5EC15 /* Products */;
			projectDirPath = "";
			projectRoot = "";
			targets = (
				52333F8F26A4715B00B5EC15 /* webPaa1414 (iOS) */,
				52333F9726A4715B00B5EC15 /* webPaa1414 (macOS) */,
				52333F9F26A4715B00B5EC15 /* Tests iOS */,
				52333FAA26A4715B00B5EC15 /* Tests macOS */,
			);
		};
/* End PBXProject section */

/* Begin PBXResourcesBuildPhase section */
		52333F8E26A4715B00B5EC15 /* Resources */ = {
			isa = PBXResourcesBuildPhase;
			buildActionMask = 2147483647;
			files = (
				52333FB626A4715B00B5EC15 /* Assets.xcassets in Resources */,
			);
			runOnlyForDeploymentPostprocessing = 0;
		};
		52333F9626A4715B00B5EC15 /* Resources */ = {
			isa = PBXResourcesBuildPhase;
			buildActionMask = 2147483647;
			files = (
				52333FB726A4715B00B5EC15 /* Assets.xcassets in Resources */,
			);
			runOnlyForDeploymentPostprocessing = 0;
		};
		52333F9E26A4715B00B5EC15 /* Resources */ = {
			isa = PBXResourcesBuildPhase;
			buildActionMask = 2147483647;
			files = (
			);
			runOnlyForDeploymentPostprocessing = 0;
		};
		52333FA926A4715B00B5EC15 /* Resources */ = {
			isa = PBXResourcesBuildPhase;
			buildActionMask = 2147483647;
			files = (
			);
			runOnlyForDeploymentPostprocessing = 0;
		};
/* End PBXResourcesBuildPhase section */

/* Begin PBXSourcesBuildPhase section */
		52333F8C26A4715B00B5EC15 /* Sources */ = {
			isa = PBXSourcesBuildPhase;
			buildActionMask = 2147483647;
			files = (
				52333FD626A499BB00B5EC15 /* Models.swift in Sources */,
				52E82DDC26D3068D00E66E69 /* ImageViewModel.swift in Sources */,
				52333FB426A4715B00B5EC15 /* ContentView.swift in Sources */,
				52333FDD26A49A9100B5EC15 /* ViewModel.swift in Sources */,
				52333FB226A4715B00B5EC15 /* webPaa1414App.swift in Sources */,
				52E82DD526D2FDCB00E66E69 /* ImageCacheService.swift in Sources */,
			);
			runOnlyForDeploymentPostprocessing = 0;
		};
		52333F9426A4715B00B5EC15 /* Sources */ = {
			isa = PBXSourcesBuildPhase;
			buildActionMask = 2147483647;
			files = (
				52333FD726A499BB00B5EC15 /* Models.swift in Sources */,
				52E82DDD26D3068D00E66E69 /* ImageViewModel.swift in Sources */,
				52333FB526A4715B00B5EC15 /* ContentView.swift in Sources */,
				52333FDE26A49A9100B5EC15 /* ViewModel.swift in Sources */,
				52333FB326A4715B00B5EC15 /* webPaa1414App.swift in Sources */,
				52E82DD626D2FDCB00E66E69 /* ImageCacheService.swift in Sources */,
			);
			runOnlyForDeploymentPostprocessing = 0;
		};
		52333F9C26A4715B00B5EC15 /* Sources */ = {
			isa = PBXSourcesBuildPhase;
			buildActionMask = 2147483647;
			files = (
				52333FA526A4715B00B5EC15 /* Tests_iOS.swift in Sources */,
			);
			runOnlyForDeploymentPostprocessing = 0;
		};
		52333FA726A4715B00B5EC15 /* Sources */ = {
			isa = PBXSourcesBuildPhase;
			buildActionMask = 2147483647;
			files = (
				52333FB026A4715B00B5EC15 /* Tests_macOS.swift in Sources */,
			);
			runOnlyForDeploymentPostprocessing = 0;
		};
/* End PBXSourcesBuildPhase section */

/* Begin PBXTargetDependency section */
		52333FA226A4715B00B5EC15 /* PBXTargetDependency */ = {
			isa = PBXTargetDependency;
			target = 52333F8F26A4715B00B5EC15 /* webPaa1414 (iOS) */;
			targetProxy = 52333FA126A4715B00B5EC15 /* PBXContainerItemProxy */;
		};
		52333FAD26A4715B00B5EC15 /* PBXTargetDependency */ = {
			isa = PBXTargetDependency;
			target = 52333F9726A4715B00B5EC15 /* webPaa1414 (macOS) */;
			targetProxy = 52333FAC26A4715B00B5EC15 /* PBXContainerItemProxy */;
		};
/* End PBXTargetDependency section */

/* Begin XCBuildConfiguration section */
		52333FB826A4715B00B5EC15 /* Debug */ = {
			isa = XCBuildConfiguration;
			buildSettings = {
				ALWAYS_SEARCH_USER_PATHS = NO;
				CLANG_ANALYZER_NONNULL = YES;
				CLANG_ANALYZER_NUMBER_OBJECT_CONVERSION = YES_AGGRESSIVE;
				CLANG_CXX_LANGUAGE_STANDARD = "gnu++14";
				CLANG_CXX_LIBRARY = "libc++";
				CLANG_ENABLE_MODULES = YES;
				CLANG_ENABLE_OBJC_ARC = YES;
				CLANG_ENABLE_OBJC_WEAK = YES;
				CLANG_WARN_BLOCK_CAPTURE_AUTORELEASING = YES;
				CLANG_WARN_BOOL_CONVERSION = YES;
				CLANG_WARN_COMMA = YES;
				CLANG_WARN_CONSTANT_CONVERSION = YES;
				CLANG_WARN_DEPRECATED_OBJC_IMPLEMENTATIONS = YES;
				CLANG_WARN_DIRECT_OBJC_ISA_USAGE = YES_ERROR;
				CLANG_WARN_DOCUMENTATION_COMMENTS = YES;
				CLANG_WARN_EMPTY_BODY = YES;
				CLANG_WARN_ENUM_CONVERSION = YES;
				CLANG_WARN_INFINITE_RECURSION = YES;
				CLANG_WARN_INT_CONVERSION = YES;
				CLANG_WARN_NON_LITERAL_NULL_CONVERSION = YES;
				CLANG_WARN_OBJC_IMPLICIT_RETAIN_SELF = YES;
				CLANG_WARN_OBJC_LITERAL_CONVERSION = YES;
				CLANG_WARN_OBJC_ROOT_CLASS = YES_ERROR;
				CLANG_WARN_QUOTED_INCLUDE_IN_FRAMEWORK_HEADER = YES;
				CLANG_WARN_RANGE_LOOP_ANALYSIS = YES;
				CLANG_WARN_STRICT_PROTOTYPES = YES;
				CLANG_WARN_SUSPICIOUS_MOVE = YES;
				CLANG_WARN_UNGUARDED_AVAILABILITY = YES_AGGRESSIVE;
				CLANG_WARN_UNREACHABLE_CODE = YES;
				CLANG_WARN__DUPLICATE_METHOD_MATCH = YES;
				COPY_PHASE_STRIP = NO;
				DEBUG_INFORMATION_FORMAT = dwarf;
				ENABLE_STRICT_OBJC_MSGSEND = YES;
				ENABLE_TESTABILITY = YES;
				GCC_C_LANGUAGE_STANDARD = gnu11;
				GCC_DYNAMIC_NO_PIC = NO;
				GCC_NO_COMMON_BLOCKS = YES;
				GCC_OPTIMIZATION_LEVEL = 0;
				GCC_PREPROCESSOR_DEFINITIONS = (
					"DEBUG=1",
					"$(inherited)",
				);
				GCC_WARN_64_TO_32_BIT_CONVERSION = YES;
				GCC_WARN_ABOUT_RETURN_TYPE = YES_ERROR;
				GCC_WARN_UNDECLARED_SELECTOR = YES;
				GCC_WARN_UNINITIALIZED_AUTOS = YES_AGGRESSIVE;
				GCC_WARN_UNUSED_FUNCTION = YES;
				GCC_WARN_UNUSED_VARIABLE = YES;
				MTL_ENABLE_DEBUG_INFO = INCLUDE_SOURCE;
				MTL_FAST_MATH = YES;
				ONLY_ACTIVE_ARCH = YES;
				SWIFT_ACTIVE_COMPILATION_CONDITIONS = DEBUG;
				SWIFT_OPTIMIZATION_LEVEL = "-Onone";
			};
			name = Debug;
		};
		52333FB926A4715B00B5EC15 /* Release */ = {
			isa = XCBuildConfiguration;
			buildSettings = {
				ALWAYS_SEARCH_USER_PATHS = NO;
				CLANG_ANALYZER_NONNULL = YES;
				CLANG_ANALYZER_NUMBER_OBJECT_CONVERSION = YES_AGGRESSIVE;
				CLANG_CXX_LANGUAGE_STANDARD = "gnu++14";
				CLANG_CXX_LIBRARY = "libc++";
				CLANG_ENABLE_MODULES = YES;
				CLANG_ENABLE_OBJC_ARC = YES;
				CLANG_ENABLE_OBJC_WEAK = YES;
				CLANG_WARN_BLOCK_CAPTURE_AUTORELEASING = YES;
				CLANG_WARN_BOOL_CONVERSION = YES;
				CLANG_WARN_COMMA = YES;
				CLANG_WARN_CONSTANT_CONVERSION = YES;
				CLANG_WARN_DEPRECATED_OBJC_IMPLEMENTATIONS = YES;
				CLANG_WARN_DIRECT_OBJC_ISA_USAGE = YES_ERROR;
				CLANG_WARN_DOCUMENTATION_COMMENTS = YES;
				CLANG_WARN_EMPTY_BODY = YES;
				CLANG_WARN_ENUM_CONVERSION = YES;
				CLANG_WARN_INFINITE_RECURSION = YES;
				CLANG_WARN_INT_CONVERSION = YES;
				CLANG_WARN_NON_LITERAL_NULL_CONVERSION = YES;
				CLANG_WARN_OBJC_IMPLICIT_RETAIN_SELF = YES;
				CLANG_WARN_OBJC_LITERAL_CONVERSION = YES;
				CLANG_WARN_OBJC_ROOT_CLASS = YES_ERROR;
				CLANG_WARN_QUOTED_INCLUDE_IN_FRAMEWORK_HEADER = YES;
				CLANG_WARN_RANGE_LOOP_ANALYSIS = YES;
				CLANG_WARN_STRICT_PROTOTYPES = YES;
				CLANG_WARN_SUSPICIOUS_MOVE = YES;
				CLANG_WARN_UNGUARDED_AVAILABILITY = YES_AGGRESSIVE;
				CLANG_WARN_UNREACHABLE_CODE = YES;
				CLANG_WARN__DUPLICATE_METHOD_MATCH = YES;
				COPY_PHASE_STRIP = NO;
				DEBUG_INFORMATION_FORMAT = "dwarf-with-dsym";
				ENABLE_NS_ASSERTIONS = NO;
				ENABLE_STRICT_OBJC_MSGSEND = YES;
				GCC_C_LANGUAGE_STANDARD = gnu11;
				GCC_NO_COMMON_BLOCKS = YES;
				GCC_WARN_64_TO_32_BIT_CONVERSION = YES;
				GCC_WARN_ABOUT_RETURN_TYPE = YES_ERROR;
				GCC_WARN_UNDECLARED_SELECTOR = YES;
				GCC_WARN_UNINITIALIZED_AUTOS = YES_AGGRESSIVE;
				GCC_WARN_UNUSED_FUNCTION = YES;
				GCC_WARN_UNUSED_VARIABLE = YES;
				MTL_ENABLE_DEBUG_INFO = NO;
				MTL_FAST_MATH = YES;
				SWIFT_COMPILATION_MODE = wholemodule;
				SWIFT_OPTIMIZATION_LEVEL = "-O";
			};
			name = Release;
		};
		52333FBB26A4715B00B5EC15 /* Debug */ = {
			isa = XCBuildConfiguration;
			buildSettings = {
				ASSETCATALOG_COMPILER_APPICON_NAME = AppIcon;
				ASSETCATALOG_COMPILER_GLOBAL_ACCENT_COLOR_NAME = AccentColor;
				CODE_SIGN_STYLE = Automatic;
				DEVELOPMENT_TEAM = A7RABW8M5X;
				ENABLE_PREVIEWS = YES;
				INFOPLIST_FILE = iOS/Info.plist;
				IPHONEOS_DEPLOYMENT_TARGET = 14.0;
				LD_RUNPATH_SEARCH_PATHS = (
					"$(inherited)",
					"@executable_path/Frameworks",
				);
				PRODUCT_BUNDLE_IDENTIFIER = Amsel.webPaa1414;
				PRODUCT_NAME = webPaa1414;
				SDKROOT = iphoneos;
				SWIFT_VERSION = 5.0;
				TARGETED_DEVICE_FAMILY = "1,2";
			};
			name = Debug;
		};
		52333FBC26A4715B00B5EC15 /* Release */ = {
			isa = XCBuildConfiguration;
			buildSettings = {
				ASSETCATALOG_COMPILER_APPICON_NAME = AppIcon;
				ASSETCATALOG_COMPILER_GLOBAL_ACCENT_COLOR_NAME = AccentColor;
				CODE_SIGN_STYLE = Automatic;
				DEVELOPMENT_TEAM = A7RABW8M5X;
				ENABLE_PREVIEWS = YES;
				INFOPLIST_FILE = iOS/Info.plist;
				IPHONEOS_DEPLOYMENT_TARGET = 14.0;
				LD_RUNPATH_SEARCH_PATHS = (
					"$(inherited)",
					"@executable_path/Frameworks",
				);
				PRODUCT_BUNDLE_IDENTIFIER = Amsel.webPaa1414;
				PRODUCT_NAME = webPaa1414;
				SDKROOT = iphoneos;
				SWIFT_VERSION = 5.0;
				TARGETED_DEVICE_FAMILY = "1,2";
				VALIDATE_PRODUCT = YES;
			};
			name = Release;
		};
		52333FBE26A4715B00B5EC15 /* Debug */ = {
			isa = XCBuildConfiguration;
			buildSettings = {
				ASSETCATALOG_COMPILER_APPICON_NAME = AppIcon;
				ASSETCATALOG_COMPILER_GLOBAL_ACCENT_COLOR_NAME = AccentColor;
				CODE_SIGN_ENTITLEMENTS = macOS/macOS.entitlements;
				CODE_SIGN_STYLE = Automatic;
				COMBINE_HIDPI_IMAGES = YES;
				DEVELOPMENT_TEAM = A7RABW8M5X;
				ENABLE_HARDENED_RUNTIME = YES;
				ENABLE_PREVIEWS = YES;
				INFOPLIST_FILE = macOS/Info.plist;
				LD_RUNPATH_SEARCH_PATHS = (
					"$(inherited)",
					"@executable_path/../Frameworks",
				);
				MACOSX_DEPLOYMENT_TARGET = 11.0;
				PRODUCT_BUNDLE_IDENTIFIER = Amsel.webPaa1414;
				PRODUCT_NAME = webPaa1414;
				SDKROOT = macosx;
				SWIFT_VERSION = 5.0;
			};
			name = Debug;
		};
		52333FBF26A4715B00B5EC15 /* Release */ = {
			isa = XCBuildConfiguration;
			buildSettings = {
				ASSETCATALOG_COMPILER_APPICON_NAME = AppIcon;
				ASSETCATALOG_COMPILER_GLOBAL_ACCENT_COLOR_NAME = AccentColor;
				CODE_SIGN_ENTITLEMENTS = macOS/macOS.entitlements;
				CODE_SIGN_STYLE = Automatic;
				COMBINE_HIDPI_IMAGES = YES;
				DEVELOPMENT_TEAM = A7RABW8M5X;
				ENABLE_HARDENED_RUNTIME = YES;
				ENABLE_PREVIEWS = YES;
				INFOPLIST_FILE = macOS/Info.plist;
				LD_RUNPATH_SEARCH_PATHS = (
					"$(inherited)",
					"@executable_path/../Frameworks",
				);
				MACOSX_DEPLOYMENT_TARGET = 11.0;
				PRODUCT_BUNDLE_IDENTIFIER = Amsel.webPaa1414;
				PRODUCT_NAME = webPaa1414;
				SDKROOT = macosx;
				SWIFT_VERSION = 5.0;
			};
			name = Release;
		};
		52333FC126A4715B00B5EC15 /* Debug */ = {
			isa = XCBuildConfiguration;
			buildSettings = {
				ALWAYS_EMBED_SWIFT_STANDARD_LIBRARIES = YES;
				CODE_SIGN_STYLE = Automatic;
				DEVELOPMENT_TEAM = A7RABW8M5X;
				INFOPLIST_FILE = "Tests iOS/Info.plist";
				IPHONEOS_DEPLOYMENT_TARGET = 14.4;
				LD_RUNPATH_SEARCH_PATHS = (
					"$(inherited)",
					"@executable_path/Frameworks",
					"@loader_path/Frameworks",
				);
				PRODUCT_BUNDLE_IDENTIFIER = "Amsel.Tests-iOS";
				PRODUCT_NAME = "$(TARGET_NAME)";
				SDKROOT = iphoneos;
				SWIFT_VERSION = 5.0;
				TARGETED_DEVICE_FAMILY = "1,2";
				TEST_TARGET_NAME = "webPaa1414 (iOS)";
			};
			name = Debug;
		};
		52333FC226A4715B00B5EC15 /* Release */ = {
			isa = XCBuildConfiguration;
			buildSettings = {
				ALWAYS_EMBED_SWIFT_STANDARD_LIBRARIES = YES;
				CODE_SIGN_STYLE = Automatic;
				DEVELOPMENT_TEAM = A7RABW8M5X;
				INFOPLIST_FILE = "Tests iOS/Info.plist";
				IPHONEOS_DEPLOYMENT_TARGET = 14.4;
				LD_RUNPATH_SEARCH_PATHS = (
					"$(inherited)",
					"@executable_path/Frameworks",
					"@loader_path/Frameworks",
				);
				PRODUCT_BUNDLE_IDENTIFIER = "Amsel.Tests-iOS";
				PRODUCT_NAME = "$(TARGET_NAME)";
				SDKROOT = iphoneos;
				SWIFT_VERSION = 5.0;
				TARGETED_DEVICE_FAMILY = "1,2";
				TEST_TARGET_NAME = "webPaa1414 (iOS)";
				VALIDATE_PRODUCT = YES;
			};
			name = Release;
		};
		52333FC426A4715B00B5EC15 /* Debug */ = {
			isa = XCBuildConfiguration;
			buildSettings = {
				ALWAYS_EMBED_SWIFT_STANDARD_LIBRARIES = YES;
				CODE_SIGN_STYLE = Automatic;
				COMBINE_HIDPI_IMAGES = YES;
				DEVELOPMENT_TEAM = A7RABW8M5X;
				INFOPLIST_FILE = "Tests macOS/Info.plist";
				LD_RUNPATH_SEARCH_PATHS = (
					"$(inherited)",
					"@executable_path/../Frameworks",
					"@loader_path/../Frameworks",
				);
				MACOSX_DEPLOYMENT_TARGET = 10.15;
				PRODUCT_BUNDLE_IDENTIFIER = "Amsel.Tests-macOS";
				PRODUCT_NAME = "$(TARGET_NAME)";
				SDKROOT = macosx;
				SWIFT_VERSION = 5.0;
				TEST_TARGET_NAME = "webPaa1414 (macOS)";
			};
			name = Debug;
		};
		52333FC526A4715B00B5EC15 /* Release */ = {
			isa = XCBuildConfiguration;
			buildSettings = {
				ALWAYS_EMBED_SWIFT_STANDARD_LIBRARIES = YES;
				CODE_SIGN_STYLE = Automatic;
				COMBINE_HIDPI_IMAGES = YES;
				DEVELOPMENT_TEAM = A7RABW8M5X;
				INFOPLIST_FILE = "Tests macOS/Info.plist";
				LD_RUNPATH_SEARCH_PATHS = (
					"$(inherited)",
					"@executable_path/../Frameworks",
					"@loader_path/../Frameworks",
				);
				MACOSX_DEPLOYMENT_TARGET = 10.15;
				PRODUCT_BUNDLE_IDENTIFIER = "Amsel.Tests-macOS";
				PRODUCT_NAME = "$(TARGET_NAME)";
				SDKROOT = macosx;
				SWIFT_VERSION = 5.0;
				TEST_TARGET_NAME = "webPaa1414 (macOS)";
			};
			name = Release;
		};
/* End XCBuildConfiguration section */

/* Begin XCConfigurationList section */
		52333F8726A4715800B5EC15 /* Build configuration list for PBXProject "webPaa1414" */ = {
			isa = XCConfigurationList;
			buildConfigurations = (
				52333FB826A4715B00B5EC15 /* Debug */,
				52333FB926A4715B00B5EC15 /* Release */,
			);
			defaultConfigurationIsVisible = 0;
			defaultConfigurationName = Release;
		};
		52333FBA26A4715B00B5EC15 /* Build configuration list for PBXNativeTarget "webPaa1414 (iOS)" */ = {
			isa = XCConfigurationList;
			buildConfigurations = (
				52333FBB26A4715B00B5EC15 /* Debug */,
				52333FBC26A4715B00B5EC15 /* Release */,
			);
			defaultConfigurationIsVisible = 0;
			defaultConfigurationName = Release;
		};
		52333FBD26A4715B00B5EC15 /* Build configuration list for PBXNativeTarget "webPaa1414 (macOS)" */ = {
			isa = XCConfigurationList;
			buildConfigurations = (
				52333FBE26A4715B00B5EC15 /* Debug */,
				52333FBF26A4715B00B5EC15 /* Release */,
			);
			defaultConfigurationIsVisible = 0;
			defaultConfigurationName = Release;
		};
		52333FC026A4715B00B5EC15 /* Build configuration list for PBXNativeTarget "Tests iOS" */ = {
			isa = XCConfigurationList;
			buildConfigurations = (
				52333FC126A4715B00B5EC15 /* Debug */,
				52333FC226A4715B00B5EC15 /* Release */,
			);
			defaultConfigurationIsVisible = 0;
			defaultConfigurationName = Release;
		};
		52333FC326A4715B00B5EC15 /* Build configuration list for PBXNativeTarget "Tests macOS" */ = {
			isa = XCConfigurationList;
			buildConfigurations = (
				52333FC426A4715B00B5EC15 /* Debug */,
				52333FC526A4715B00B5EC15 /* Release */,
			);
			defaultConfigurationIsVisible = 0;
			defaultConfigurationName = Release;
		};
/* End XCConfigurationList section */
	};
	rootObject = 52333F8426A4715800B5EC15 /* Project object */;
}
